
Microsoft Visual Studio Solution File, Format Version 12.00
# Visual Studio Version 17
VisualStudioVersion = 17.0.31903.59
MinimumVisualStudioVersion = 10.0.40219.1
Project("{9A19103F-16F7-4668-BE54-9A1E7A4F7556}") = "SentenceStudio", "SentenceStudio\SentenceStudio.csproj", "{232B7EB7-3ED7-411B-A5A2-AD30A03F1030}"
EndProject
Project("{FAE04EC0-301F-11D3-BF4B-00C04F79EFBC}") = "SentenceStudio.Shared", "SentenceStudio.Shared\SentenceStudio.Shared.csproj", "{5417E64B-2731-4616-ACCE-6EE59FCABBCD}"
EndProject
Project("{FAE04EC0-301F-11D3-BF4B-00C04F79EFBC}") = "SentenceStudio.Web", "SentenceStudio.Web\SentenceStudio.Web.csproj", "{D5FFBBC9-E2E1-4299-A109-43268AF436DF}"
EndProject
Project("{FAE04EC0-301F-11D3-BF4B-00C04F79EFBC}") = "SentenceStudio.AppHost", "SentenceStudio.AppHost\SentenceStudio.AppHost.csproj", "{DEFCDD98-F9A0-4122-ADAF-639746A58DDC}"
EndProject
Project("{FAE04EC0-301F-11D3-BF4B-00C04F79EFBC}") = "SentenceStudio.ServiceDefaults", "SentenceStudio.ServiceDefaults\SentenceStudio.ServiceDefaults.csproj", "{3F1D261E-732F-70AC-F7E6-CCBE1176FAFD}"
EndProject
Project("{FAE04EC0-301F-11D3-BF4B-00C04F79EFBC}") = "SentenceStudio.WebServiceDefaults", "SentenceStudio.WebServiceDefaults\SentenceStudio.WebServiceDefaults.csproj", "{411B8386-A02B-4DDD-BE75-82B3D8E77CDB}"
EndProject
Global
	GlobalSection(SolutionConfigurationPlatforms) = preSolution
		Debug|Any CPU = Debug|Any CPU
		Debug|x64 = Debug|x64
		Debug|x86 = Debug|x86
		Release|Any CPU = Release|Any CPU
		Release|x64 = Release|x64
		Release|x86 = Release|x86
	EndGlobalSection
	GlobalSection(ProjectConfigurationPlatforms) = postSolution
		{232B7EB7-3ED7-411B-A5A2-AD30A03F1030}.Debug|Any CPU.ActiveCfg = Debug|Any CPU
		{232B7EB7-3ED7-411B-A5A2-AD30A03F1030}.Debug|Any CPU.Build.0 = Debug|Any CPU
		{232B7EB7-3ED7-411B-A5A2-AD30A03F1030}.Debug|Any CPU.Deploy.0 = Debug|Any CPU
		{232B7EB7-3ED7-411B-A5A2-AD30A03F1030}.Debug|x64.ActiveCfg = Debug|Any CPU
		{232B7EB7-3ED7-411B-A5A2-AD30A03F1030}.Debug|x64.Build.0 = Debug|Any CPU
		{232B7EB7-3ED7-411B-A5A2-AD30A03F1030}.Debug|x86.ActiveCfg = Debug|Any CPU
		{232B7EB7-3ED7-411B-A5A2-AD30A03F1030}.Debug|x86.Build.0 = Debug|Any CPU
		{232B7EB7-3ED7-411B-A5A2-AD30A03F1030}.Release|Any CPU.ActiveCfg = Release|Any CPU
		{232B7EB7-3ED7-411B-A5A2-AD30A03F1030}.Release|Any CPU.Build.0 = Release|Any CPU
		{232B7EB7-3ED7-411B-A5A2-AD30A03F1030}.Release|x64.ActiveCfg = Release|Any CPU
		{232B7EB7-3ED7-411B-A5A2-AD30A03F1030}.Release|x64.Build.0 = Release|Any CPU
		{232B7EB7-3ED7-411B-A5A2-AD30A03F1030}.Release|x86.ActiveCfg = Release|Any CPU
		{232B7EB7-3ED7-411B-A5A2-AD30A03F1030}.Release|x86.Build.0 = Release|Any CPU
		{5417E64B-2731-4616-ACCE-6EE59FCABBCD}.Debug|Any CPU.ActiveCfg = Debug|Any CPU
		{5417E64B-2731-4616-ACCE-6EE59FCABBCD}.Debug|Any CPU.Build.0 = Debug|Any CPU
		{5417E64B-2731-4616-ACCE-6EE59FCABBCD}.Debug|x64.ActiveCfg = Debug|Any CPU
		{5417E64B-2731-4616-ACCE-6EE59FCABBCD}.Debug|x64.Build.0 = Debug|Any CPU
		{5417E64B-2731-4616-ACCE-6EE59FCABBCD}.Debug|x86.ActiveCfg = Debug|Any CPU
		{5417E64B-2731-4616-ACCE-6EE59FCABBCD}.Debug|x86.Build.0 = Debug|Any CPU
		{5417E64B-2731-4616-ACCE-6EE59FCABBCD}.Release|Any CPU.ActiveCfg = Release|Any CPU
		{5417E64B-2731-4616-ACCE-6EE59FCABBCD}.Release|Any CPU.Build.0 = Release|Any CPU
		{5417E64B-2731-4616-ACCE-6EE59FCABBCD}.Release|x64.ActiveCfg = Release|Any CPU
		{5417E64B-2731-4616-ACCE-6EE59FCABBCD}.Release|x64.Build.0 = Release|Any CPU
		{5417E64B-2731-4616-ACCE-6EE59FCABBCD}.Release|x86.ActiveCfg = Release|Any CPU
		{5417E64B-2731-4616-ACCE-6EE59FCABBCD}.Release|x86.Build.0 = Release|Any CPU
		{D5FFBBC9-E2E1-4299-A109-43268AF436DF}.Debug|Any CPU.ActiveCfg = Debug|Any CPU
		{D5FFBBC9-E2E1-4299-A109-43268AF436DF}.Debug|Any CPU.Build.0 = Debug|Any CPU
		{D5FFBBC9-E2E1-4299-A109-43268AF436DF}.Debug|x64.ActiveCfg = Debug|Any CPU
		{D5FFBBC9-E2E1-4299-A109-43268AF436DF}.Debug|x64.Build.0 = Debug|Any CPU
		{D5FFBBC9-E2E1-4299-A109-43268AF436DF}.Debug|x86.ActiveCfg = Debug|Any CPU
		{D5FFBBC9-E2E1-4299-A109-43268AF436DF}.Debug|x86.Build.0 = Debug|Any CPU
		{D5FFBBC9-E2E1-4299-A109-43268AF436DF}.Release|Any CPU.ActiveCfg = Release|Any CPU
		{D5FFBBC9-E2E1-4299-A109-43268AF436DF}.Release|Any CPU.Build.0 = Release|Any CPU
		{D5FFBBC9-E2E1-4299-A109-43268AF436DF}.Release|x64.ActiveCfg = Release|Any CPU
		{D5FFBBC9-E2E1-4299-A109-43268AF436DF}.Release|x64.Build.0 = Release|Any CPU
		{D5FFBBC9-E2E1-4299-A109-43268AF436DF}.Release|x86.ActiveCfg = Release|Any CPU
		{D5FFBBC9-E2E1-4299-A109-43268AF436DF}.Release|x86.Build.0 = Release|Any CPU
		{DEFCDD98-F9A0-4122-ADAF-639746A58DDC}.Debug|Any CPU.ActiveCfg = Debug|Any CPU
		{DEFCDD98-F9A0-4122-ADAF-639746A58DDC}.Debug|Any CPU.Build.0 = Debug|Any CPU
		{DEFCDD98-F9A0-4122-ADAF-639746A58DDC}.Debug|x64.ActiveCfg = Debug|Any CPU
		{DEFCDD98-F9A0-4122-ADAF-639746A58DDC}.Debug|x64.Build.0 = Debug|Any CPU
		{DEFCDD98-F9A0-4122-ADAF-639746A58DDC}.Debug|x86.ActiveCfg = Debug|Any CPU
		{DEFCDD98-F9A0-4122-ADAF-639746A58DDC}.Debug|x86.Build.0 = Debug|Any CPU
		{DEFCDD98-F9A0-4122-ADAF-639746A58DDC}.Release|Any CPU.ActiveCfg = Release|Any CPU
		{DEFCDD98-F9A0-4122-ADAF-639746A58DDC}.Release|Any CPU.Build.0 = Release|Any CPU
		{DEFCDD98-F9A0-4122-ADAF-639746A58DDC}.Release|x64.ActiveCfg = Release|Any CPU
		{DEFCDD98-F9A0-4122-ADAF-639746A58DDC}.Release|x64.Build.0 = Release|Any CPU
		{DEFCDD98-F9A0-4122-ADAF-639746A58DDC}.Release|x86.ActiveCfg = Release|Any CPU
		{DEFCDD98-F9A0-4122-ADAF-639746A58DDC}.Release|x86.Build.0 = Release|Any CPU
		{3F1D261E-732F-70AC-F7E6-CCBE1176FAFD}.Debug|Any CPU.ActiveCfg = Debug|Any CPU
		{3F1D261E-732F-70AC-F7E6-CCBE1176FAFD}.Debug|Any CPU.Build.0 = Debug|Any CPU
		{3F1D261E-732F-70AC-F7E6-CCBE1176FAFD}.Debug|x64.ActiveCfg = Debug|Any CPU
		{3F1D261E-732F-70AC-F7E6-CCBE1176FAFD}.Debug|x64.Build.0 = Debug|Any CPU
		{3F1D261E-732F-70AC-F7E6-CCBE1176FAFD}.Debug|x86.ActiveCfg = Debug|Any CPU
		{3F1D261E-732F-70AC-F7E6-CCBE1176FAFD}.Debug|x86.Build.0 = Debug|Any CPU
		{3F1D261E-732F-70AC-F7E6-CCBE1176FAFD}.Release|Any CPU.ActiveCfg = Release|Any CPU
		{3F1D261E-732F-70AC-F7E6-CCBE1176FAFD}.Release|Any CPU.Build.0 = Release|Any CPU
		{3F1D261E-732F-70AC-F7E6-CCBE1176FAFD}.Release|x64.ActiveCfg = Release|Any CPU
		{3F1D261E-732F-70AC-F7E6-CCBE1176FAFD}.Release|x64.Build.0 = Release|Any CPU
		{3F1D261E-732F-70AC-F7E6-CCBE1176FAFD}.Release|x86.ActiveCfg = Release|Any CPU
		{3F1D261E-732F-70AC-F7E6-CCBE1176FAFD}.Release|x86.Build.0 = Release|Any CPU
		{411B8386-A02B-4DDD-BE75-82B3D8E77CDB}.Debug|Any CPU.ActiveCfg = Debug|Any CPU
		{411B8386-A02B-4DDD-BE75-82B3D8E77CDB}.Debug|Any CPU.Build.0 = Debug|Any CPU
		{411B8386-A02B-4DDD-BE75-82B3D8E77CDB}.Debug|x64.ActiveCfg = Debug|Any CPU
		{411B8386-A02B-4DDD-BE75-82B3D8E77CDB}.Debug|x64.Build.0 = Debug|Any CPU
		{411B8386-A02B-4DDD-BE75-82B3D8E77CDB}.Debug|x86.ActiveCfg = Debug|Any CPU
		{411B8386-A02B-4DDD-BE75-82B3D8E77CDB}.Debug|x86.Build.0 = Debug|Any CPU
		{411B8386-A02B-4DDD-BE75-82B3D8E77CDB}.Release|Any CPU.ActiveCfg = Release|Any CPU
		{411B8386-A02B-4DDD-BE75-82B3D8E77CDB}.Release|Any CPU.Build.0 = Release|Any CPU
		{411B8386-A02B-4DDD-BE75-82B3D8E77CDB}.Release|x64.ActiveCfg = Release|Any CPU
		{411B8386-A02B-4DDD-BE75-82B3D8E77CDB}.Release|x64.Build.0 = Release|Any CPU
		{411B8386-A02B-4DDD-BE75-82B3D8E77CDB}.Release|x86.ActiveCfg = Release|Any CPU
		{411B8386-A02B-4DDD-BE75-82B3D8E77CDB}.Release|x86.Build.0 = Release|Any CPU
	EndGlobalSection
	GlobalSection(SolutionProperties) = preSolution
		HideSolutionNode = FALSE
	EndGlobalSection
EndGlobal
