
Microsoft Visual Studio Solution File, Format Version 12.00
# Visual Studio Version 17
VisualStudioVersion = 17.0.31903.59
MinimumVisualStudioVersion = 10.0.40219.1
Project("{FAE04EC0-301F-11D3-BF4B-00C04F79EFBC}") = "SentenceStudio.Shared", "SentenceStudio.Shared\SentenceStudio.Shared.csproj", "{5417E64B-2731-4616-ACCE-6EE59FCABBCD}"
EndProject
Project("{FAE04EC0-301F-11D3-BF4B-00C04F79EFBC}") = "SentenceStudio.Web", "SentenceStudio.Web\SentenceStudio.Web.csproj", "{D5FFBBC9-E2E1-4299-A109-43268AF436DF}"
EndProject
Project("{FAE04EC0-301F-11D3-BF4B-00C04F79EFBC}") = "SentenceStudio.AppHost", "SentenceStudio.AppHost\SentenceStudio.AppHost.csproj", "{DEFCDD98-F9A0-4122-ADAF-639746A58DDC}"
EndProject
Project("{FAE04EC0-301F-11D3-BF4B-00C04F79EFBC}") = "SentenceStudio.ServiceDefaults", "SentenceStudio.ServiceDefaults\SentenceStudio.ServiceDefaults.csproj", "{3F1D261E-732F-70AC-F7E6-CCBE1176FAFD}"
EndProject
Project("{FAE04EC0-301F-11D3-BF4B-00C04F79EFBC}") = "SentenceStudio.UI", "SentenceStudio.UI\SentenceStudio.UI.csproj", "{4CE179AA-5399-485C-84DC-0933F1FF3814}"
EndProject
Project("{FAE04EC0-301F-11D3-BF4B-00C04F79EFBC}") = "SentenceStudio.AppLib", "SentenceStudio.AppLib\SentenceStudio.AppLib.csproj", "{71A73BED-52E6-4D4D-902F-A93A3AC099DC}"
EndProject
Project("{FAE04EC0-301F-11D3-BF4B-00C04F79EFBC}") = "SentenceStudio.Android", "SentenceStudio.Android\SentenceStudio.Android.csproj", "{3024CB47-FF91-487B-88AB-7301EA52EDF7}"
EndProject
Project("{FAE04EC0-301F-11D3-BF4B-00C04F79EFBC}") = "SentenceStudio.iOS", "SentenceStudio.iOS\SentenceStudio.iOS.csproj", "{A9C854AB-9601-4E2C-B610-E653742860F8}"
EndProject
Project("{FAE04EC0-301F-11D3-BF4B-00C04F79EFBC}") = "SentenceStudio.MacCatalyst", "SentenceStudio.MacCatalyst\SentenceStudio.MacCatalyst.csproj", "{30B7A494-3F50-4E61-8D3F-F3E1BEA823C1}"
EndProject
Project("{FAE04EC0-301F-11D3-BF4B-00C04F79EFBC}") = "SentenceStudio.Windows", "SentenceStudio.Windows\SentenceStudio.Windows.csproj", "{8E25D4BA-9CA7-4BC2-88E9-31869B36C2D8}"
EndProject
Project("{FAE04EC0-301F-11D3-BF4B-00C04F79EFBC}") = "SentenceStudio.MacOS", "SentenceStudio.MacOS\SentenceStudio.MacOS.csproj", "{C1E8D25A-D56F-40BF-873A-E62C4313570A}"
EndProject
Project("{FAE04EC0-301F-11D3-BF4B-00C04F79EFBC}") = "SentenceStudio.Domain", "SentenceStudio.Domain\SentenceStudio.Domain.csproj", "{3328EBF5-B9F3-43DA-B009-ADDC227A5A39}"
EndProject
Project("{FAE04EC0-301F-11D3-BF4B-00C04F79EFBC}") = "SentenceStudio.Contracts", "SentenceStudio.Contracts\SentenceStudio.Contracts.csproj", "{34A65F81-E940-4697-8A70-ECD89E69543C}"
EndProject
Project("{FAE04EC0-301F-11D3-BF4B-00C04F79EFBC}") = "SentenceStudio.Infrastructure", "SentenceStudio.Infrastructure\SentenceStudio.Infrastructure.csproj", "{C87C051A-700D-423D-A838-650FE6948B96}"
EndProject
Project("{FAE04EC0-301F-11D3-BF4B-00C04F79EFBC}") = "SentenceStudio.Api", "SentenceStudio.Api\SentenceStudio.Api.csproj", "{8A464B9A-DE44-43F5-9B15-0C6252DA754E}"
EndProject
Project("{FAE04EC0-301F-11D3-BF4B-00C04F79EFBC}") = "SentenceStudio.WebApp", "SentenceStudio.WebApp\SentenceStudio.WebApp.csproj", "{55E09111-8517-4648-A9F1-8BAE0031CAEE}"
EndProject
Project("{FAE04EC0-301F-11D3-BF4B-00C04F79EFBC}") = "SentenceStudio.Marketing", "SentenceStudio.Marketing\SentenceStudio.Marketing.csproj", "{5D22BCC9-8614-4BA2-8E19-F70A12CF1160}"
EndProject
Project("{FAE04EC0-301F-11D3-BF4B-00C04F79EFBC}") = "SentenceStudio.Workers", "SentenceStudio.Workers\SentenceStudio.Workers.csproj", "{2B00AB56-AACA-4FCE-8FEB-C4B6384ED5E2}"
EndProject
Global
	GlobalSection(SolutionConfigurationPlatforms) = preSolution
		Debug|Any CPU = Debug|Any CPU
		Debug|x64 = Debug|x64
		Debug|x86 = Debug|x86
		Release|Any CPU = Release|Any CPU
		Release|x64 = Release|x64
		Release|x86 = Release|x86
	EndGlobalSection
	GlobalSection(ProjectConfigurationPlatforms) = postSolution
		{5417E64B-2731-4616-ACCE-6EE59FCABBCD}.Debug|Any CPU.ActiveCfg = Debug|Any CPU
		{5417E64B-2731-4616-ACCE-6EE59FCABBCD}.Debug|Any CPU.Build.0 = Debug|Any CPU
		{5417E64B-2731-4616-ACCE-6EE59FCABBCD}.Debug|x64.ActiveCfg = Debug|Any CPU
		{5417E64B-2731-4616-ACCE-6EE59FCABBCD}.Debug|x64.Build.0 = Debug|Any CPU
		{5417E64B-2731-4616-ACCE-6EE59FCABBCD}.Debug|x86.ActiveCfg = Debug|Any CPU
		{5417E64B-2731-4616-ACCE-6EE59FCABBCD}.Debug|x86.Build.0 = Debug|Any CPU
		{5417E64B-2731-4616-ACCE-6EE59FCABBCD}.Release|Any CPU.ActiveCfg = Release|Any CPU
		{5417E64B-2731-4616-ACCE-6EE59FCABBCD}.Release|Any CPU.Build.0 = Release|Any CPU
		{5417E64B-2731-4616-ACCE-6EE59FCABBCD}.Release|x64.ActiveCfg = Release|Any CPU
		{5417E64B-2731-4616-ACCE-6EE59FCABBCD}.Release|x64.Build.0 = Release|Any CPU
		{5417E64B-2731-4616-ACCE-6EE59FCABBCD}.Release|x86.ActiveCfg = Release|Any CPU
		{5417E64B-2731-4616-ACCE-6EE59FCABBCD}.Release|x86.Build.0 = Release|Any CPU
		{D5FFBBC9-E2E1-4299-A109-43268AF436DF}.Debug|Any CPU.ActiveCfg = Debug|Any CPU
		{D5FFBBC9-E2E1-4299-A109-43268AF436DF}.Debug|Any CPU.Build.0 = Debug|Any CPU
		{D5FFBBC9-E2E1-4299-A109-43268AF436DF}.Debug|x64.ActiveCfg = Debug|Any CPU
		{D5FFBBC9-E2E1-4299-A109-43268AF436DF}.Debug|x64.Build.0 = Debug|Any CPU
		{D5FFBBC9-E2E1-4299-A109-43268AF436DF}.Debug|x86.ActiveCfg = Debug|Any CPU
		{D5FFBBC9-E2E1-4299-A109-43268AF436DF}.Debug|x86.Build.0 = Debug|Any CPU
		{D5FFBBC9-E2E1-4299-A109-43268AF436DF}.Release|Any CPU.ActiveCfg = Release|Any CPU
		{D5FFBBC9-E2E1-4299-A109-43268AF436DF}.Release|Any CPU.Build.0 = Release|Any CPU
		{D5FFBBC9-E2E1-4299-A109-43268AF436DF}.Release|x64.ActiveCfg = Release|Any CPU
		{D5FFBBC9-E2E1-4299-A109-43268AF436DF}.Release|x64.Build.0 = Release|Any CPU
		{D5FFBBC9-E2E1-4299-A109-43268AF436DF}.Release|x86.ActiveCfg = Release|Any CPU
		{D5FFBBC9-E2E1-4299-A109-43268AF436DF}.Release|x86.Build.0 = Release|Any CPU
		{DEFCDD98-F9A0-4122-ADAF-639746A58DDC}.Debug|Any CPU.ActiveCfg = Debug|Any CPU
		{DEFCDD98-F9A0-4122-ADAF-639746A58DDC}.Debug|Any CPU.Build.0 = Debug|Any CPU
		{DEFCDD98-F9A0-4122-ADAF-639746A58DDC}.Debug|x64.ActiveCfg = Debug|Any CPU
		{DEFCDD98-F9A0-4122-ADAF-639746A58DDC}.Debug|x64.Build.0 = Debug|Any CPU
		{DEFCDD98-F9A0-4122-ADAF-639746A58DDC}.Debug|x86.ActiveCfg = Debug|Any CPU
		{DEFCDD98-F9A0-4122-ADAF-639746A58DDC}.Debug|x86.Build.0 = Debug|Any CPU
		{DEFCDD98-F9A0-4122-ADAF-639746A58DDC}.Release|Any CPU.ActiveCfg = Release|Any CPU
		{DEFCDD98-F9A0-4122-ADAF-639746A58DDC}.Release|Any CPU.Build.0 = Release|Any CPU
		{DEFCDD98-F9A0-4122-ADAF-639746A58DDC}.Release|x64.ActiveCfg = Release|Any CPU
		{DEFCDD98-F9A0-4122-ADAF-639746A58DDC}.Release|x64.Build.0 = Release|Any CPU
		{DEFCDD98-F9A0-4122-ADAF-639746A58DDC}.Release|x86.ActiveCfg = Release|Any CPU
		{DEFCDD98-F9A0-4122-ADAF-639746A58DDC}.Release|x86.Build.0 = Release|Any CPU
		{3F1D261E-732F-70AC-F7E6-CCBE1176FAFD}.Debug|Any CPU.ActiveCfg = Debug|Any CPU
		{3F1D261E-732F-70AC-F7E6-CCBE1176FAFD}.Debug|Any CPU.Build.0 = Debug|Any CPU
		{3F1D261E-732F-70AC-F7E6-CCBE1176FAFD}.Debug|x64.ActiveCfg = Debug|Any CPU
		{3F1D261E-732F-70AC-F7E6-CCBE1176FAFD}.Debug|x64.Build.0 = Debug|Any CPU
		{3F1D261E-732F-70AC-F7E6-CCBE1176FAFD}.Debug|x86.ActiveCfg = Debug|Any CPU
		{3F1D261E-732F-70AC-F7E6-CCBE1176FAFD}.Debug|x86.Build.0 = Debug|Any CPU
		{3F1D261E-732F-70AC-F7E6-CCBE1176FAFD}.Release|Any CPU.ActiveCfg = Release|Any CPU
		{3F1D261E-732F-70AC-F7E6-CCBE1176FAFD}.Release|Any CPU.Build.0 = Release|Any CPU
		{3F1D261E-732F-70AC-F7E6-CCBE1176FAFD}.Release|x64.ActiveCfg = Release|Any CPU
		{3F1D261E-732F-70AC-F7E6-CCBE1176FAFD}.Release|x64.Build.0 = Release|Any CPU
		{3F1D261E-732F-70AC-F7E6-CCBE1176FAFD}.Release|x86.ActiveCfg = Release|Any CPU
		{3F1D261E-732F-70AC-F7E6-CCBE1176FAFD}.Release|x86.Build.0 = Release|Any CPU
		{4CE179AA-5399-485C-84DC-0933F1FF3814}.Debug|Any CPU.ActiveCfg = Debug|Any CPU
		{4CE179AA-5399-485C-84DC-0933F1FF3814}.Debug|Any CPU.Build.0 = Debug|Any CPU
		{4CE179AA-5399-485C-84DC-0933F1FF3814}.Debug|x64.ActiveCfg = Debug|Any CPU
		{4CE179AA-5399-485C-84DC-0933F1FF3814}.Debug|x64.Build.0 = Debug|Any CPU
		{4CE179AA-5399-485C-84DC-0933F1FF3814}.Debug|x86.ActiveCfg = Debug|Any CPU
		{4CE179AA-5399-485C-84DC-0933F1FF3814}.Debug|x86.Build.0 = Debug|Any CPU
		{4CE179AA-5399-485C-84DC-0933F1FF3814}.Release|Any CPU.ActiveCfg = Release|Any CPU
		{4CE179AA-5399-485C-84DC-0933F1FF3814}.Release|Any CPU.Build.0 = Release|Any CPU
		{4CE179AA-5399-485C-84DC-0933F1FF3814}.Release|x64.ActiveCfg = Release|Any CPU
		{4CE179AA-5399-485C-84DC-0933F1FF3814}.Release|x64.Build.0 = Release|Any CPU
		{4CE179AA-5399-485C-84DC-0933F1FF3814}.Release|x86.ActiveCfg = Release|Any CPU
		{4CE179AA-5399-485C-84DC-0933F1FF3814}.Release|x86.Build.0 = Release|Any CPU
		{71A73BED-52E6-4D4D-902F-A93A3AC099DC}.Debug|Any CPU.ActiveCfg = Debug|Any CPU
		{71A73BED-52E6-4D4D-902F-A93A3AC099DC}.Debug|Any CPU.Build.0 = Debug|Any CPU
		{71A73BED-52E6-4D4D-902F-A93A3AC099DC}.Debug|x64.ActiveCfg = Debug|Any CPU
		{71A73BED-52E6-4D4D-902F-A93A3AC099DC}.Debug|x64.Build.0 = Debug|Any CPU
		{71A73BED-52E6-4D4D-902F-A93A3AC099DC}.Debug|x86.ActiveCfg = Debug|Any CPU
		{71A73BED-52E6-4D4D-902F-A93A3AC099DC}.Debug|x86.Build.0 = Debug|Any CPU
		{71A73BED-52E6-4D4D-902F-A93A3AC099DC}.Release|Any CPU.ActiveCfg = Release|Any CPU
		{71A73BED-52E6-4D4D-902F-A93A3AC099DC}.Release|Any CPU.Build.0 = Release|Any CPU
		{71A73BED-52E6-4D4D-902F-A93A3AC099DC}.Release|x64.ActiveCfg = Release|Any CPU
		{71A73BED-52E6-4D4D-902F-A93A3AC099DC}.Release|x64.Build.0 = Release|Any CPU
		{71A73BED-52E6-4D4D-902F-A93A3AC099DC}.Release|x86.ActiveCfg = Release|Any CPU
		{71A73BED-52E6-4D4D-902F-A93A3AC099DC}.Release|x86.Build.0 = Release|Any CPU
		{3024CB47-FF91-487B-88AB-7301EA52EDF7}.Debug|Any CPU.ActiveCfg = Debug|Any CPU
		{3024CB47-FF91-487B-88AB-7301EA52EDF7}.Debug|Any CPU.Build.0 = Debug|Any CPU
		{3024CB47-FF91-487B-88AB-7301EA52EDF7}.Debug|x64.ActiveCfg = Debug|Any CPU
		{3024CB47-FF91-487B-88AB-7301EA52EDF7}.Debug|x64.Build.0 = Debug|Any CPU
		{3024CB47-FF91-487B-88AB-7301EA52EDF7}.Debug|x86.ActiveCfg = Debug|Any CPU
		{3024CB47-FF91-487B-88AB-7301EA52EDF7}.Debug|x86.Build.0 = Debug|Any CPU
		{3024CB47-FF91-487B-88AB-7301EA52EDF7}.Release|Any CPU.ActiveCfg = Release|Any CPU
		{3024CB47-FF91-487B-88AB-7301EA52EDF7}.Release|Any CPU.Build.0 = Release|Any CPU
		{3024CB47-FF91-487B-88AB-7301EA52EDF7}.Release|x64.ActiveCfg = Release|Any CPU
		{3024CB47-FF91-487B-88AB-7301EA52EDF7}.Release|x64.Build.0 = Release|Any CPU
		{3024CB47-FF91-487B-88AB-7301EA52EDF7}.Release|x86.ActiveCfg = Release|Any CPU
		{3024CB47-FF91-487B-88AB-7301EA52EDF7}.Release|x86.Build.0 = Release|Any CPU
		{A9C854AB-9601-4E2C-B610-E653742860F8}.Debug|Any CPU.ActiveCfg = Debug|Any CPU
		{A9C854AB-9601-4E2C-B610-E653742860F8}.Debug|Any CPU.Build.0 = Debug|Any CPU
		{A9C854AB-9601-4E2C-B610-E653742860F8}.Debug|x64.ActiveCfg = Debug|Any CPU
		{A9C854AB-9601-4E2C-B610-E653742860F8}.Debug|x64.Build.0 = Debug|Any CPU
		{A9C854AB-9601-4E2C-B610-E653742860F8}.Debug|x86.ActiveCfg = Debug|Any CPU
		{A9C854AB-9601-4E2C-B610-E653742860F8}.Debug|x86.Build.0 = Debug|Any CPU
		{A9C854AB-9601-4E2C-B610-E653742860F8}.Release|Any CPU.ActiveCfg = Release|Any CPU
		{A9C854AB-9601-4E2C-B610-E653742860F8}.Release|Any CPU.Build.0 = Release|Any CPU
		{A9C854AB-9601-4E2C-B610-E653742860F8}.Release|x64.ActiveCfg = Release|Any CPU
		{A9C854AB-9601-4E2C-B610-E653742860F8}.Release|x64.Build.0 = Release|Any CPU
		{A9C854AB-9601-4E2C-B610-E653742860F8}.Release|x86.ActiveCfg = Release|Any CPU
		{A9C854AB-9601-4E2C-B610-E653742860F8}.Release|x86.Build.0 = Release|Any CPU
		{30B7A494-3F50-4E61-8D3F-F3E1BEA823C1}.Debug|Any CPU.ActiveCfg = Debug|Any CPU
		{30B7A494-3F50-4E61-8D3F-F3E1BEA823C1}.Debug|Any CPU.Build.0 = Debug|Any CPU
		{30B7A494-3F50-4E61-8D3F-F3E1BEA823C1}.Debug|x64.ActiveCfg = Debug|Any CPU
		{30B7A494-3F50-4E61-8D3F-F3E1BEA823C1}.Debug|x64.Build.0 = Debug|Any CPU
		{30B7A494-3F50-4E61-8D3F-F3E1BEA823C1}.Debug|x86.ActiveCfg = Debug|Any CPU
		{30B7A494-3F50-4E61-8D3F-F3E1BEA823C1}.Debug|x86.Build.0 = Debug|Any CPU
		{30B7A494-3F50-4E61-8D3F-F3E1BEA823C1}.Release|Any CPU.ActiveCfg = Release|Any CPU
		{30B7A494-3F50-4E61-8D3F-F3E1BEA823C1}.Release|Any CPU.Build.0 = Release|Any CPU
		{30B7A494-3F50-4E61-8D3F-F3E1BEA823C1}.Release|x64.ActiveCfg = Release|Any CPU
		{30B7A494-3F50-4E61-8D3F-F3E1BEA823C1}.Release|x64.Build.0 = Release|Any CPU
		{30B7A494-3F50-4E61-8D3F-F3E1BEA823C1}.Release|x86.ActiveCfg = Release|Any CPU
		{30B7A494-3F50-4E61-8D3F-F3E1BEA823C1}.Release|x86.Build.0 = Release|Any CPU
		{8E25D4BA-9CA7-4BC2-88E9-31869B36C2D8}.Debug|Any CPU.ActiveCfg = Debug|Any CPU
		{8E25D4BA-9CA7-4BC2-88E9-31869B36C2D8}.Debug|Any CPU.Build.0 = Debug|Any CPU
		{8E25D4BA-9CA7-4BC2-88E9-31869B36C2D8}.Debug|x64.ActiveCfg = Debug|Any CPU
		{8E25D4BA-9CA7-4BC2-88E9-31869B36C2D8}.Debug|x64.Build.0 = Debug|Any CPU
		{8E25D4BA-9CA7-4BC2-88E9-31869B36C2D8}.Debug|x86.ActiveCfg = Debug|Any CPU
		{8E25D4BA-9CA7-4BC2-88E9-31869B36C2D8}.Debug|x86.Build.0 = Debug|Any CPU
		{8E25D4BA-9CA7-4BC2-88E9-31869B36C2D8}.Release|Any CPU.ActiveCfg = Release|Any CPU
		{8E25D4BA-9CA7-4BC2-88E9-31869B36C2D8}.Release|Any CPU.Build.0 = Release|Any CPU
		{8E25D4BA-9CA7-4BC2-88E9-31869B36C2D8}.Release|x64.ActiveCfg = Release|Any CPU
		{8E25D4BA-9CA7-4BC2-88E9-31869B36C2D8}.Release|x64.Build.0 = Release|Any CPU
		{8E25D4BA-9CA7-4BC2-88E9-31869B36C2D8}.Release|x86.ActiveCfg = Release|Any CPU
		{8E25D4BA-9CA7-4BC2-88E9-31869B36C2D8}.Release|x86.Build.0 = Release|Any CPU
		{C1E8D25A-D56F-40BF-873A-E62C4313570A}.Debug|Any CPU.ActiveCfg = Debug|Any CPU
		{C1E8D25A-D56F-40BF-873A-E62C4313570A}.Debug|Any CPU.Build.0 = Debug|Any CPU
		{C1E8D25A-D56F-40BF-873A-E62C4313570A}.Debug|x64.ActiveCfg = Debug|Any CPU
		{C1E8D25A-D56F-40BF-873A-E62C4313570A}.Debug|x64.Build.0 = Debug|Any CPU
		{C1E8D25A-D56F-40BF-873A-E62C4313570A}.Debug|x86.ActiveCfg = Debug|Any CPU
		{C1E8D25A-D56F-40BF-873A-E62C4313570A}.Debug|x86.Build.0 = Debug|Any CPU
		{C1E8D25A-D56F-40BF-873A-E62C4313570A}.Release|Any CPU.ActiveCfg = Release|Any CPU
		{C1E8D25A-D56F-40BF-873A-E62C4313570A}.Release|Any CPU.Build.0 = Release|Any CPU
		{C1E8D25A-D56F-40BF-873A-E62C4313570A}.Release|x64.ActiveCfg = Release|Any CPU
		{C1E8D25A-D56F-40BF-873A-E62C4313570A}.Release|x64.Build.0 = Release|Any CPU
		{C1E8D25A-D56F-40BF-873A-E62C4313570A}.Release|x86.ActiveCfg = Release|Any CPU
		{C1E8D25A-D56F-40BF-873A-E62C4313570A}.Release|x86.Build.0 = Release|Any CPU
		{3328EBF5-B9F3-43DA-B009-ADDC227A5A39}.Debug|Any CPU.ActiveCfg = Debug|Any CPU
		{3328EBF5-B9F3-43DA-B009-ADDC227A5A39}.Debug|Any CPU.Build.0 = Debug|Any CPU
		{3328EBF5-B9F3-43DA-B009-ADDC227A5A39}.Debug|x64.ActiveCfg = Debug|Any CPU
		{3328EBF5-B9F3-43DA-B009-ADDC227A5A39}.Debug|x64.Build.0 = Debug|Any CPU
		{3328EBF5-B9F3-43DA-B009-ADDC227A5A39}.Debug|x86.ActiveCfg = Debug|Any CPU
		{3328EBF5-B9F3-43DA-B009-ADDC227A5A39}.Debug|x86.Build.0 = Debug|Any CPU
		{3328EBF5-B9F3-43DA-B009-ADDC227A5A39}.Release|Any CPU.ActiveCfg = Release|Any CPU
		{3328EBF5-B9F3-43DA-B009-ADDC227A5A39}.Release|Any CPU.Build.0 = Release|Any CPU
		{3328EBF5-B9F3-43DA-B009-ADDC227A5A39}.Release|x64.ActiveCfg = Release|Any CPU
		{3328EBF5-B9F3-43DA-B009-ADDC227A5A39}.Release|x64.Build.0 = Release|Any CPU
		{3328EBF5-B9F3-43DA-B009-ADDC227A5A39}.Release|x86.ActiveCfg = Release|Any CPU
		{3328EBF5-B9F3-43DA-B009-ADDC227A5A39}.Release|x86.Build.0 = Release|Any CPU
		{34A65F81-E940-4697-8A70-ECD89E69543C}.Debug|Any CPU.ActiveCfg = Debug|Any CPU
		{34A65F81-E940-4697-8A70-ECD89E69543C}.Debug|Any CPU.Build.0 = Debug|Any CPU
		{34A65F81-E940-4697-8A70-ECD89E69543C}.Debug|x64.ActiveCfg = Debug|Any CPU
		{34A65F81-E940-4697-8A70-ECD89E69543C}.Debug|x64.Build.0 = Debug|Any CPU
		{34A65F81-E940-4697-8A70-ECD89E69543C}.Debug|x86.ActiveCfg = Debug|Any CPU
		{34A65F81-E940-4697-8A70-ECD89E69543C}.Debug|x86.Build.0 = Debug|Any CPU
		{34A65F81-E940-4697-8A70-ECD89E69543C}.Release|Any CPU.ActiveCfg = Release|Any CPU
		{34A65F81-E940-4697-8A70-ECD89E69543C}.Release|Any CPU.Build.0 = Release|Any CPU
		{34A65F81-E940-4697-8A70-ECD89E69543C}.Release|x64.ActiveCfg = Release|Any CPU
		{34A65F81-E940-4697-8A70-ECD89E69543C}.Release|x64.Build.0 = Release|Any CPU
		{34A65F81-E940-4697-8A70-ECD89E69543C}.Release|x86.ActiveCfg = Release|Any CPU
		{34A65F81-E940-4697-8A70-ECD89E69543C}.Release|x86.Build.0 = Release|Any CPU
		{C87C051A-700D-423D-A838-650FE6948B96}.Debug|Any CPU.ActiveCfg = Debug|Any CPU
		{C87C051A-700D-423D-A838-650FE6948B96}.Debug|Any CPU.Build.0 = Debug|Any CPU
		{C87C051A-700D-423D-A838-650FE6948B96}.Debug|x64.ActiveCfg = Debug|Any CPU
		{C87C051A-700D-423D-A838-650FE6948B96}.Debug|x64.Build.0 = Debug|Any CPU
		{C87C051A-700D-423D-A838-650FE6948B96}.Debug|x86.ActiveCfg = Debug|Any CPU
		{C87C051A-700D-423D-A838-650FE6948B96}.Debug|x86.Build.0 = Debug|Any CPU
		{C87C051A-700D-423D-A838-650FE6948B96}.Release|Any CPU.ActiveCfg = Release|Any CPU
		{C87C051A-700D-423D-A838-650FE6948B96}.Release|Any CPU.Build.0 = Release|Any CPU
		{C87C051A-700D-423D-A838-650FE6948B96}.Release|x64.ActiveCfg = Release|Any CPU
		{C87C051A-700D-423D-A838-650FE6948B96}.Release|x64.Build.0 = Release|Any CPU
		{C87C051A-700D-423D-A838-650FE6948B96}.Release|x86.ActiveCfg = Release|Any CPU
		{C87C051A-700D-423D-A838-650FE6948B96}.Release|x86.Build.0 = Release|Any CPU
		{8A464B9A-DE44-43F5-9B15-0C6252DA754E}.Debug|Any CPU.ActiveCfg = Debug|Any CPU
		{8A464B9A-DE44-43F5-9B15-0C6252DA754E}.Debug|Any CPU.Build.0 = Debug|Any CPU
		{8A464B9A-DE44-43F5-9B15-0C6252DA754E}.Debug|x64.ActiveCfg = Debug|Any CPU
		{8A464B9A-DE44-43F5-9B15-0C6252DA754E}.Debug|x64.Build.0 = Debug|Any CPU
		{8A464B9A-DE44-43F5-9B15-0C6252DA754E}.Debug|x86.ActiveCfg = Debug|Any CPU
		{8A464B9A-DE44-43F5-9B15-0C6252DA754E}.Debug|x86.Build.0 = Debug|Any CPU
		{8A464B9A-DE44-43F5-9B15-0C6252DA754E}.Release|Any CPU.ActiveCfg = Release|Any CPU
		{8A464B9A-DE44-43F5-9B15-0C6252DA754E}.Release|Any CPU.Build.0 = Release|Any CPU
		{8A464B9A-DE44-43F5-9B15-0C6252DA754E}.Release|x64.ActiveCfg = Release|Any CPU
		{8A464B9A-DE44-43F5-9B15-0C6252DA754E}.Release|x64.Build.0 = Release|Any CPU
		{8A464B9A-DE44-43F5-9B15-0C6252DA754E}.Release|x86.ActiveCfg = Release|Any CPU
		{8A464B9A-DE44-43F5-9B15-0C6252DA754E}.Release|x86.Build.0 = Release|Any CPU
		{55E09111-8517-4648-A9F1-8BAE0031CAEE}.Debug|Any CPU.ActiveCfg = Debug|Any CPU
		{55E09111-8517-4648-A9F1-8BAE0031CAEE}.Debug|Any CPU.Build.0 = Debug|Any CPU
		{55E09111-8517-4648-A9F1-8BAE0031CAEE}.Debug|x64.ActiveCfg = Debug|Any CPU
		{55E09111-8517-4648-A9F1-8BAE0031CAEE}.Debug|x64.Build.0 = Debug|Any CPU
		{55E09111-8517-4648-A9F1-8BAE0031CAEE}.Debug|x86.ActiveCfg = Debug|Any CPU
		{55E09111-8517-4648-A9F1-8BAE0031CAEE}.Debug|x86.Build.0 = Debug|Any CPU
		{55E09111-8517-4648-A9F1-8BAE0031CAEE}.Release|Any CPU.ActiveCfg = Release|Any CPU
		{55E09111-8517-4648-A9F1-8BAE0031CAEE}.Release|Any CPU.Build.0 = Release|Any CPU
		{55E09111-8517-4648-A9F1-8BAE0031CAEE}.Release|x64.ActiveCfg = Release|Any CPU
		{55E09111-8517-4648-A9F1-8BAE0031CAEE}.Release|x64.Build.0 = Release|Any CPU
		{55E09111-8517-4648-A9F1-8BAE0031CAEE}.Release|x86.ActiveCfg = Release|Any CPU
		{55E09111-8517-4648-A9F1-8BAE0031CAEE}.Release|x86.Build.0 = Release|Any CPU
		{5D22BCC9-8614-4BA2-8E19-F70A12CF1160}.Debug|Any CPU.ActiveCfg = Debug|Any CPU
		{5D22BCC9-8614-4BA2-8E19-F70A12CF1160}.Debug|Any CPU.Build.0 = Debug|Any CPU
		{5D22BCC9-8614-4BA2-8E19-F70A12CF1160}.Debug|x64.ActiveCfg = Debug|Any CPU
		{5D22BCC9-8614-4BA2-8E19-F70A12CF1160}.Debug|x64.Build.0 = Debug|Any CPU
		{5D22BCC9-8614-4BA2-8E19-F70A12CF1160}.Debug|x86.ActiveCfg = Debug|Any CPU
		{5D22BCC9-8614-4BA2-8E19-F70A12CF1160}.Debug|x86.Build.0 = Debug|Any CPU
		{5D22BCC9-8614-4BA2-8E19-F70A12CF1160}.Release|Any CPU.ActiveCfg = Release|Any CPU
		{5D22BCC9-8614-4BA2-8E19-F70A12CF1160}.Release|Any CPU.Build.0 = Release|Any CPU
		{5D22BCC9-8614-4BA2-8E19-F70A12CF1160}.Release|x64.ActiveCfg = Release|Any CPU
		{5D22BCC9-8614-4BA2-8E19-F70A12CF1160}.Release|x64.Build.0 = Release|Any CPU
		{5D22BCC9-8614-4BA2-8E19-F70A12CF1160}.Release|x86.ActiveCfg = Release|Any CPU
		{5D22BCC9-8614-4BA2-8E19-F70A12CF1160}.Release|x86.Build.0 = Release|Any CPU
		{2B00AB56-AACA-4FCE-8FEB-C4B6384ED5E2}.Debug|Any CPU.ActiveCfg = Debug|Any CPU
		{2B00AB56-AACA-4FCE-8FEB-C4B6384ED5E2}.Debug|Any CPU.Build.0 = Debug|Any CPU
		{2B00AB56-AACA-4FCE-8FEB-C4B6384ED5E2}.Debug|x64.ActiveCfg = Debug|Any CPU
		{2B00AB56-AACA-4FCE-8FEB-C4B6384ED5E2}.Debug|x64.Build.0 = Debug|Any CPU
		{2B00AB56-AACA-4FCE-8FEB-C4B6384ED5E2}.Debug|x86.ActiveCfg = Debug|Any CPU
		{2B00AB56-AACA-4FCE-8FEB-C4B6384ED5E2}.Debug|x86.Build.0 = Debug|Any CPU
		{2B00AB56-AACA-4FCE-8FEB-C4B6384ED5E2}.Release|Any CPU.ActiveCfg = Release|Any CPU
		{2B00AB56-AACA-4FCE-8FEB-C4B6384ED5E2}.Release|Any CPU.Build.0 = Release|Any CPU
		{2B00AB56-AACA-4FCE-8FEB-C4B6384ED5E2}.Release|x64.ActiveCfg = Release|Any CPU
		{2B00AB56-AACA-4FCE-8FEB-C4B6384ED5E2}.Release|x64.Build.0 = Release|Any CPU
		{2B00AB56-AACA-4FCE-8FEB-C4B6384ED5E2}.Release|x86.ActiveCfg = Release|Any CPU
		{2B00AB56-AACA-4FCE-8FEB-C4B6384ED5E2}.Release|x86.Build.0 = Release|Any CPU
	EndGlobalSection
	GlobalSection(SolutionProperties) = preSolution
		HideSolutionNode = FALSE
	EndGlobalSection
EndGlobal
