
Microsoft Visual Studio Solution File, Format Version 12.00
# Visual Studio Version 17
VisualStudioVersion = 17.0.31903.59
MinimumVisualStudioVersion = 10.0.40219.1
Project("{2150E333-8FDC-42A3-9474-1A3956D46DE8}") = "src", "src", "{827E0CD3-B72D-47B6-A68D-7590B98EB39B}"
EndProject
Project("{FAE04EC0-301F-11D3-BF4B-00C04F79EFBC}") = "Plugin.Maui.HelpKit", "src\Plugin.Maui.HelpKit\Plugin.Maui.HelpKit.csproj", "{BCC58BD0-4771-4F08-A633-F873237182DE}"
EndProject
Project("{2150E333-8FDC-42A3-9474-1A3956D46DE8}") = "samples", "samples", "{5D20AA90-6969-D8BD-9DCD-8634F4692FDA}"
EndProject
Project("{FAE04EC0-301F-11D3-BF4B-00C04F79EFBC}") = "HelpKitSample.MauiReactor", "samples\HelpKitSample.MauiReactor\HelpKitSample.MauiReactor.csproj", "{7DAFA91C-0EC9-406D-A3DA-915FAB9C3659}"
EndProject
Project("{FAE04EC0-301F-11D3-BF4B-00C04F79EFBC}") = "HelpKitSample.Shell", "samples\HelpKitSample.Shell\HelpKitSample.Shell.csproj", "{FAA559AB-45FD-42E4-BE0E-94D2DD953BFB}"
EndProject
Project("{FAE04EC0-301F-11D3-BF4B-00C04F79EFBC}") = "HelpKitSample.Plain", "samples\HelpKitSample.Plain\HelpKitSample.Plain.csproj", "{19866274-B7E1-4A0F-8AEE-2B936D93A451}"
EndProject
Project("{2150E333-8FDC-42A3-9474-1A3956D46DE8}") = "tests", "tests", "{0AB3BF05-4346-4AA6-1389-037BE0695223}"
EndProject
Project("{FAE04EC0-301F-11D3-BF4B-00C04F79EFBC}") = "Plugin.Maui.HelpKit.Tests", "tests\Plugin.Maui.HelpKit.Tests\Plugin.Maui.HelpKit.Tests.csproj", "{4F550031-889D-4F37-854E-2FD0F6DE2639}"
EndProject
Project("{FAE04EC0-301F-11D3-BF4B-00C04F79EFBC}") = "Plugin.Maui.HelpKit.Eval", "tests\Plugin.Maui.HelpKit.Eval\Plugin.Maui.HelpKit.Eval.csproj", "{D56CEF0E-71A8-46C8-8343-03A4BA4CDA6A}"
EndProject
Global
	GlobalSection(SolutionConfigurationPlatforms) = preSolution
		Debug|Any CPU = Debug|Any CPU
		Debug|x64 = Debug|x64
		Debug|x86 = Debug|x86
		Release|Any CPU = Release|Any CPU
		Release|x64 = Release|x64
		Release|x86 = Release|x86
	EndGlobalSection
	GlobalSection(ProjectConfigurationPlatforms) = postSolution
		{BCC58BD0-4771-4F08-A633-F873237182DE}.Debug|Any CPU.ActiveCfg = Debug|Any CPU
		{BCC58BD0-4771-4F08-A633-F873237182DE}.Debug|Any CPU.Build.0 = Debug|Any CPU
		{BCC58BD0-4771-4F08-A633-F873237182DE}.Debug|x64.ActiveCfg = Debug|Any CPU
		{BCC58BD0-4771-4F08-A633-F873237182DE}.Debug|x64.Build.0 = Debug|Any CPU
		{BCC58BD0-4771-4F08-A633-F873237182DE}.Debug|x86.ActiveCfg = Debug|Any CPU
		{BCC58BD0-4771-4F08-A633-F873237182DE}.Debug|x86.Build.0 = Debug|Any CPU
		{BCC58BD0-4771-4F08-A633-F873237182DE}.Release|Any CPU.ActiveCfg = Release|Any CPU
		{BCC58BD0-4771-4F08-A633-F873237182DE}.Release|Any CPU.Build.0 = Release|Any CPU
		{BCC58BD0-4771-4F08-A633-F873237182DE}.Release|x64.ActiveCfg = Release|Any CPU
		{BCC58BD0-4771-4F08-A633-F873237182DE}.Release|x64.Build.0 = Release|Any CPU
		{BCC58BD0-4771-4F08-A633-F873237182DE}.Release|x86.ActiveCfg = Release|Any CPU
		{BCC58BD0-4771-4F08-A633-F873237182DE}.Release|x86.Build.0 = Release|Any CPU
		{7DAFA91C-0EC9-406D-A3DA-915FAB9C3659}.Debug|Any CPU.ActiveCfg = Debug|Any CPU
		{7DAFA91C-0EC9-406D-A3DA-915FAB9C3659}.Debug|Any CPU.Build.0 = Debug|Any CPU
		{7DAFA91C-0EC9-406D-A3DA-915FAB9C3659}.Debug|x64.ActiveCfg = Debug|Any CPU
		{7DAFA91C-0EC9-406D-A3DA-915FAB9C3659}.Debug|x64.Build.0 = Debug|Any CPU
		{7DAFA91C-0EC9-406D-A3DA-915FAB9C3659}.Debug|x86.ActiveCfg = Debug|Any CPU
		{7DAFA91C-0EC9-406D-A3DA-915FAB9C3659}.Debug|x86.Build.0 = Debug|Any CPU
		{7DAFA91C-0EC9-406D-A3DA-915FAB9C3659}.Release|Any CPU.ActiveCfg = Release|Any CPU
		{7DAFA91C-0EC9-406D-A3DA-915FAB9C3659}.Release|Any CPU.Build.0 = Release|Any CPU
		{7DAFA91C-0EC9-406D-A3DA-915FAB9C3659}.Release|x64.ActiveCfg = Release|Any CPU
		{7DAFA91C-0EC9-406D-A3DA-915FAB9C3659}.Release|x64.Build.0 = Release|Any CPU
		{7DAFA91C-0EC9-406D-A3DA-915FAB9C3659}.Release|x86.ActiveCfg = Release|Any CPU
		{7DAFA91C-0EC9-406D-A3DA-915FAB9C3659}.Release|x86.Build.0 = Release|Any CPU
		{FAA559AB-45FD-42E4-BE0E-94D2DD953BFB}.Debug|Any CPU.ActiveCfg = Debug|Any CPU
		{FAA559AB-45FD-42E4-BE0E-94D2DD953BFB}.Debug|Any CPU.Build.0 = Debug|Any CPU
		{FAA559AB-45FD-42E4-BE0E-94D2DD953BFB}.Debug|x64.ActiveCfg = Debug|Any CPU
		{FAA559AB-45FD-42E4-BE0E-94D2DD953BFB}.Debug|x64.Build.0 = Debug|Any CPU
		{FAA559AB-45FD-42E4-BE0E-94D2DD953BFB}.Debug|x86.ActiveCfg = Debug|Any CPU
		{FAA559AB-45FD-42E4-BE0E-94D2DD953BFB}.Debug|x86.Build.0 = Debug|Any CPU
		{FAA559AB-45FD-42E4-BE0E-94D2DD953BFB}.Release|Any CPU.ActiveCfg = Release|Any CPU
		{FAA559AB-45FD-42E4-BE0E-94D2DD953BFB}.Release|Any CPU.Build.0 = Release|Any CPU
		{FAA559AB-45FD-42E4-BE0E-94D2DD953BFB}.Release|x64.ActiveCfg = Release|Any CPU
		{FAA559AB-45FD-42E4-BE0E-94D2DD953BFB}.Release|x64.Build.0 = Release|Any CPU
		{FAA559AB-45FD-42E4-BE0E-94D2DD953BFB}.Release|x86.ActiveCfg = Release|Any CPU
		{FAA559AB-45FD-42E4-BE0E-94D2DD953BFB}.Release|x86.Build.0 = Release|Any CPU
		{19866274-B7E1-4A0F-8AEE-2B936D93A451}.Debug|Any CPU.ActiveCfg = Debug|Any CPU
		{19866274-B7E1-4A0F-8AEE-2B936D93A451}.Debug|Any CPU.Build.0 = Debug|Any CPU
		{19866274-B7E1-4A0F-8AEE-2B936D93A451}.Debug|x64.ActiveCfg = Debug|Any CPU
		{19866274-B7E1-4A0F-8AEE-2B936D93A451}.Debug|x64.Build.0 = Debug|Any CPU
		{19866274-B7E1-4A0F-8AEE-2B936D93A451}.Debug|x86.ActiveCfg = Debug|Any CPU
		{19866274-B7E1-4A0F-8AEE-2B936D93A451}.Debug|x86.Build.0 = Debug|Any CPU
		{19866274-B7E1-4A0F-8AEE-2B936D93A451}.Release|Any CPU.ActiveCfg = Release|Any CPU
		{19866274-B7E1-4A0F-8AEE-2B936D93A451}.Release|Any CPU.Build.0 = Release|Any CPU
		{19866274-B7E1-4A0F-8AEE-2B936D93A451}.Release|x64.ActiveCfg = Release|Any CPU
		{19866274-B7E1-4A0F-8AEE-2B936D93A451}.Release|x64.Build.0 = Release|Any CPU
		{19866274-B7E1-4A0F-8AEE-2B936D93A451}.Release|x86.ActiveCfg = Release|Any CPU
		{19866274-B7E1-4A0F-8AEE-2B936D93A451}.Release|x86.Build.0 = Release|Any CPU
		{4F550031-889D-4F37-854E-2FD0F6DE2639}.Debug|Any CPU.ActiveCfg = Debug|Any CPU
		{4F550031-889D-4F37-854E-2FD0F6DE2639}.Debug|Any CPU.Build.0 = Debug|Any CPU
		{4F550031-889D-4F37-854E-2FD0F6DE2639}.Debug|x64.ActiveCfg = Debug|Any CPU
		{4F550031-889D-4F37-854E-2FD0F6DE2639}.Debug|x64.Build.0 = Debug|Any CPU
		{4F550031-889D-4F37-854E-2FD0F6DE2639}.Debug|x86.ActiveCfg = Debug|Any CPU
		{4F550031-889D-4F37-854E-2FD0F6DE2639}.Debug|x86.Build.0 = Debug|Any CPU
		{4F550031-889D-4F37-854E-2FD0F6DE2639}.Release|Any CPU.ActiveCfg = Release|Any CPU
		{4F550031-889D-4F37-854E-2FD0F6DE2639}.Release|Any CPU.Build.0 = Release|Any CPU
		{4F550031-889D-4F37-854E-2FD0F6DE2639}.Release|x64.ActiveCfg = Release|Any CPU
		{4F550031-889D-4F37-854E-2FD0F6DE2639}.Release|x64.Build.0 = Release|Any CPU
		{4F550031-889D-4F37-854E-2FD0F6DE2639}.Release|x86.ActiveCfg = Release|Any CPU
		{4F550031-889D-4F37-854E-2FD0F6DE2639}.Release|x86.Build.0 = Release|Any CPU
		{D56CEF0E-71A8-46C8-8343-03A4BA4CDA6A}.Debug|Any CPU.ActiveCfg = Debug|Any CPU
		{D56CEF0E-71A8-46C8-8343-03A4BA4CDA6A}.Debug|Any CPU.Build.0 = Debug|Any CPU
		{D56CEF0E-71A8-46C8-8343-03A4BA4CDA6A}.Debug|x64.ActiveCfg = Debug|Any CPU
		{D56CEF0E-71A8-46C8-8343-03A4BA4CDA6A}.Debug|x64.Build.0 = Debug|Any CPU
		{D56CEF0E-71A8-46C8-8343-03A4BA4CDA6A}.Debug|x86.ActiveCfg = Debug|Any CPU
		{D56CEF0E-71A8-46C8-8343-03A4BA4CDA6A}.Debug|x86.Build.0 = Debug|Any CPU
		{D56CEF0E-71A8-46C8-8343-03A4BA4CDA6A}.Release|Any CPU.ActiveCfg = Release|Any CPU
		{D56CEF0E-71A8-46C8-8343-03A4BA4CDA6A}.Release|Any CPU.Build.0 = Release|Any CPU
		{D56CEF0E-71A8-46C8-8343-03A4BA4CDA6A}.Release|x64.ActiveCfg = Release|Any CPU
		{D56CEF0E-71A8-46C8-8343-03A4BA4CDA6A}.Release|x64.Build.0 = Release|Any CPU
		{D56CEF0E-71A8-46C8-8343-03A4BA4CDA6A}.Release|x86.ActiveCfg = Release|Any CPU
		{D56CEF0E-71A8-46C8-8343-03A4BA4CDA6A}.Release|x86.Build.0 = Release|Any CPU
	EndGlobalSection
	GlobalSection(SolutionProperties) = preSolution
		HideSolutionNode = FALSE
	EndGlobalSection
	GlobalSection(NestedProjects) = preSolution
		{BCC58BD0-4771-4F08-A633-F873237182DE} = {827E0CD3-B72D-47B6-A68D-7590B98EB39B}
		{7DAFA91C-0EC9-406D-A3DA-915FAB9C3659} = {5D20AA90-6969-D8BD-9DCD-8634F4692FDA}
		{FAA559AB-45FD-42E4-BE0E-94D2DD953BFB} = {5D20AA90-6969-D8BD-9DCD-8634F4692FDA}
		{19866274-B7E1-4A0F-8AEE-2B936D93A451} = {5D20AA90-6969-D8BD-9DCD-8634F4692FDA}
		{4F550031-889D-4F37-854E-2FD0F6DE2639} = {0AB3BF05-4346-4AA6-1389-037BE0695223}
		{D56CEF0E-71A8-46C8-8343-03A4BA4CDA6A} = {0AB3BF05-4346-4AA6-1389-037BE0695223}
	EndGlobalSection
EndGlobal
