Microsoft Visual Studio Solution File, Format Version 12.00
# Visual Studio Version 17
VisualStudioVersion = 17.5.2.0
MinimumVisualStudioVersion = 10.0.40219.1
Project("{FAE04EC0-301F-11D3-BF4B-00C04F79EFBC}") = "SentenceStudio", "SentenceStudio.csproj", "{64C43E41-5759-8F3F-6B3A-50BC3A2D8BC0}"
EndProject
Global
	GlobalSection(SolutionConfigurationPlatforms) = preSolution
		Debug|Any CPU = Debug|Any CPU
		Release|Any CPU = Release|Any CPU
	EndGlobalSection
	GlobalSection(ProjectConfigurationPlatforms) = postSolution
		{64C43E41-5759-8F3F-6B3A-50BC3A2D8BC0}.Debug|Any CPU.ActiveCfg = Debug|Any CPU
		{64C43E41-5759-8F3F-6B3A-50BC3A2D8BC0}.Debug|Any CPU.Build.0 = Debug|Any CPU
		{64C43E41-5759-8F3F-6B3A-50BC3A2D8BC0}.Release|Any CPU.ActiveCfg = Release|Any CPU
		{64C43E41-5759-8F3F-6B3A-50BC3A2D8BC0}.Release|Any CPU.Build.0 = Release|Any CPU
	EndGlobalSection
	GlobalSection(SolutionProperties) = preSolution
		HideSolutionNode = FALSE
	EndGlobalSection
	GlobalSection(ExtensibilityGlobals) = postSolution
		SolutionGuid = {01FDCA02-448E-46A1-B23A-57203088C18C}
	EndGlobalSection
EndGlobal
